
Microsoft Visual Studio Solution File, Format Version 12.00
# Visual Studio 2013
VisualStudioVersion = 12.0.21005.1
MinimumVisualStudioVersion = 10.0.40219.1
Project("{FAE04EC0-301F-11D3-BF4B-00C04F79EFBC}") = "CodeWars", "CodeWars\CodeWars.csproj", "{AD8BDF4D-F6AD-4628-BFEB-1D43C3BB9DE6}"
EndProject
Project("{2150E333-8FDC-42A3-9474-1A3956D46DE8}") = "Solution Items", "Solution Items", "{D404D4BA-B540-4406-A078-BE8E7E9B3DF2}"
	ProjectSection(SolutionItems) = preProject
		README.md = README.md
	EndProjectSection
EndProject
Project("{FAE04EC0-301F-11D3-BF4B-00C04F79EFBC}") = "CodeWarsTest", "CodeWarsTest\CodeWarsTest.csproj", "{D024DE0E-799F-416B-8426-45AD218EABD2}"
EndProject
Global
	GlobalSection(SolutionConfigurationPlatforms) = preSolution
		Debug|Any CPU = Debug|Any CPU
		Release|Any CPU = Release|Any CPU
	EndGlobalSection
	GlobalSection(ProjectConfigurationPlatforms) = postSolution
		{AD8BDF4D-F6AD-4628-BFEB-1D43C3BB9DE6}.Debug|Any CPU.ActiveCfg = Debug|Any CPU
		{AD8BDF4D-F6AD-4628-BFEB-1D43C3BB9DE6}.Debug|Any CPU.Build.0 = Debug|Any CPU
		{AD8BDF4D-F6AD-4628-BFEB-1D43C3BB9DE6}.Release|Any CPU.ActiveCfg = Release|Any CPU
		{AD8BDF4D-F6AD-4628-BFEB-1D43C3BB9DE6}.Release|Any CPU.Build.0 = Release|Any CPU
		{D024DE0E-799F-416B-8426-45AD218EABD2}.Debug|Any CPU.ActiveCfg = Debug|Any CPU
		{D024DE0E-799F-416B-8426-45AD218EABD2}.Debug|Any CPU.Build.0 = Debug|Any CPU
		{D024DE0E-799F-416B-8426-45AD218EABD2}.Release|Any CPU.ActiveCfg = Release|Any CPU
		{D024DE0E-799F-416B-8426-45AD218EABD2}.Release|Any CPU.Build.0 = Release|Any CPU
	EndGlobalSection
	GlobalSection(SolutionProperties) = preSolution
		HideSolutionNode = FALSE
	EndGlobalSection
EndGlobal
